
Microsoft Visual Studio Solution File, Format Version 12.00
# Visual Studio 15
VisualStudioVersion = 15.0.27130.2010
MinimumVisualStudioVersion = 10.0.40219.1
Project("{FAE04EC0-301F-11D3-BF4B-00C04F79EFBC}") = "sample-app", "sample-app\sample-app.csproj", "{FEE95FBE-3EE0-4F34-8B0F-1690C6EE547C}"
EndProject
Project("{E53339B2-1760-4266-BCC7-CA923CBCF16C}") = "docker-compose", "docker-compose.dcproj", "{DA750E9F-024B-4F79-9462-D4B1C10F9497}"
EndProject
Global
	GlobalSection(SolutionConfigurationPlatforms) = preSolution
		Debug|Any CPU = Debug|Any CPU
		Release|Any CPU = Release|Any CPU
	EndGlobalSection
	GlobalSection(ProjectConfigurationPlatforms) = postSolution
		{FEE95FBE-3EE0-4F34-8B0F-1690C6EE547C}.Debug|Any CPU.ActiveCfg = Debug|Any CPU
		{FEE95FBE-3EE0-4F34-8B0F-1690C6EE547C}.Debug|Any CPU.Build.0 = Debug|Any CPU
		{FEE95FBE-3EE0-4F34-8B0F-1690C6EE547C}.Release|Any CPU.ActiveCfg = Release|Any CPU
		{FEE95FBE-3EE0-4F34-8B0F-1690C6EE547C}.Release|Any CPU.Build.0 = Release|Any CPU
		{DA750E9F-024B-4F79-9462-D4B1C10F9497}.Debug|Any CPU.ActiveCfg = Debug|Any CPU
		{DA750E9F-024B-4F79-9462-D4B1C10F9497}.Debug|Any CPU.Build.0 = Debug|Any CPU
		{DA750E9F-024B-4F79-9462-D4B1C10F9497}.Release|Any CPU.ActiveCfg = Release|Any CPU
		{DA750E9F-024B-4F79-9462-D4B1C10F9497}.Release|Any CPU.Build.0 = Release|Any CPU
	EndGlobalSection
	GlobalSection(SolutionProperties) = preSolution
		HideSolutionNode = FALSE
	EndGlobalSection
	GlobalSection(ExtensibilityGlobals) = postSolution
		SolutionGuid = {36B89AEC-165F-48C1-8CF8-E8C9E361E50E}
	EndGlobalSection
EndGlobal
